
Microsoft Visual Studio Solution File, Format Version 12.00
# Visual Studio Version 17
VisualStudioVersion = 17.4.33213.308
MinimumVisualStudioVersion = 10.0.40219.1
Project("{9A19103F-16F7-4668-BE54-9A1E7A4F7556}") = "JWTWebAPI", "JWTAutenticacao\JWTWebAPI.csproj", "{946DDCBA-8F5F-4506-9C52-E025E71D3C31}"
EndProject
Global
	GlobalSection(SolutionConfigurationPlatforms) = preSolution
		Debug|Any CPU = Debug|Any CPU
		Release|Any CPU = Release|Any CPU
	EndGlobalSection
	GlobalSection(ProjectConfigurationPlatforms) = postSolution
		{946DDCBA-8F5F-4506-9C52-E025E71D3C31}.Debug|Any CPU.ActiveCfg = Debug|Any CPU
		{946DDCBA-8F5F-4506-9C52-E025E71D3C31}.Debug|Any CPU.Build.0 = Debug|Any CPU
		{946DDCBA-8F5F-4506-9C52-E025E71D3C31}.Release|Any CPU.ActiveCfg = Release|Any CPU
		{946DDCBA-8F5F-4506-9C52-E025E71D3C31}.Release|Any CPU.Build.0 = Release|Any CPU
	EndGlobalSection
	GlobalSection(SolutionProperties) = preSolution
		HideSolutionNode = FALSE
	EndGlobalSection
	GlobalSection(ExtensibilityGlobals) = postSolution
		SolutionGuid = {7EF40B1B-51CA-4F31-8174-13AF75C9CD39}
	EndGlobalSection
EndGlobal
